
Microsoft Visual Studio Solution File, Format Version 12.00
# Visual Studio Version 16
VisualStudioVersion = 16.0.31205.134
MinimumVisualStudioVersion = 10.0.40219.1
Project("{2150E333-8FDC-42A3-9474-1A3956D46DE8}") = "Ydb.Sdk.Yc.Auth", "Ydb.Sdk.Yc.Auth", "{60BB177D-AF0B-4C15-A5A4-7BBC26D51E54}"
EndProject
Project("{2150E333-8FDC-42A3-9474-1A3956D46DE8}") = "src", "src", "{85DC59FA-D592-44F2-91C6-EB1B78D1C3CA}"
EndProject
Project("{9A19103F-16F7-4668-BE54-9A1E7A4F7556}") = "Ydb.Sdk.Yc.Auth", "Ydb.Sdk.Yc.Auth\src\Ydb.Sdk.Yc.Auth.csproj", "{48DD8871-93C6-47E1-B679-7609349C2DD1}"
EndProject
Global
	GlobalSection(SolutionConfigurationPlatforms) = preSolution
		Debug|Any CPU = Debug|Any CPU
		Release|Any CPU = Release|Any CPU
	EndGlobalSection
	GlobalSection(ProjectConfigurationPlatforms) = postSolution
		{48DD8871-93C6-47E1-B679-7609349C2DD1}.Debug|Any CPU.ActiveCfg = Debug|Any CPU
		{48DD8871-93C6-47E1-B679-7609349C2DD1}.Debug|Any CPU.Build.0 = Debug|Any CPU
		{48DD8871-93C6-47E1-B679-7609349C2DD1}.Release|Any CPU.ActiveCfg = Release|Any CPU
		{48DD8871-93C6-47E1-B679-7609349C2DD1}.Release|Any CPU.Build.0 = Release|Any CPU
	EndGlobalSection
	GlobalSection(SolutionProperties) = preSolution
		HideSolutionNode = FALSE
	EndGlobalSection
	GlobalSection(NestedProjects) = preSolution
		{85DC59FA-D592-44F2-91C6-EB1B78D1C3CA} = {60BB177D-AF0B-4C15-A5A4-7BBC26D51E54}
		{48DD8871-93C6-47E1-B679-7609349C2DD1} = {85DC59FA-D592-44F2-91C6-EB1B78D1C3CA}
	EndGlobalSection
	GlobalSection(ExtensibilityGlobals) = postSolution
		SolutionGuid = {25A6373C-87B0-4DD3-A343-5F9123365152}
	EndGlobalSection
EndGlobal
